
Microsoft Visual Studio Solution File, Format Version 12.00
# Visual Studio Version 16
VisualStudioVersion = 16.0.31829.152
MinimumVisualStudioVersion = 10.0.40219.1
Project("{9A19103F-16F7-4668-BE54-9A1E7A4F7556}") = "Singleton", "Singleton.csproj", "{8E10AF94-1734-4552-B291-2B1EFE2DC65B}"
EndProject
Global
	GlobalSection(SolutionConfigurationPlatforms) = preSolution
		Debug|Any CPU = Debug|Any CPU
		Release|Any CPU = Release|Any CPU
	EndGlobalSection
	GlobalSection(ProjectConfigurationPlatforms) = postSolution
		{8E10AF94-1734-4552-B291-2B1EFE2DC65B}.Debug|Any CPU.ActiveCfg = Debug|Any CPU
		{8E10AF94-1734-4552-B291-2B1EFE2DC65B}.Debug|Any CPU.Build.0 = Debug|Any CPU
		{8E10AF94-1734-4552-B291-2B1EFE2DC65B}.Release|Any CPU.ActiveCfg = Release|Any CPU
		{8E10AF94-1734-4552-B291-2B1EFE2DC65B}.Release|Any CPU.Build.0 = Release|Any CPU
	EndGlobalSection
	GlobalSection(SolutionProperties) = preSolution
		HideSolutionNode = FALSE
	EndGlobalSection
	GlobalSection(ExtensibilityGlobals) = postSolution
		SolutionGuid = {2DBDA1E4-BB40-43C8-909B-0E37DC197B98}
	EndGlobalSection
EndGlobal
